
Microsoft Visual Studio Solution File, Format Version 12.00
# Visual Studio Version 16
VisualStudioVersion = 16.0.31105.61
MinimumVisualStudioVersion = 10.0.40219.1
Project("{2150E333-8FDC-42A3-9474-1A3956D46DE8}") = "Services", "Services", "{6EB94648-D0D5-450A-86A9-0AAFF08D84FA}"
EndProject
Project("{2150E333-8FDC-42A3-9474-1A3956D46DE8}") = "WebApps", "WebApps", "{6E7ADE99-3CBF-406E-8A03-65C713215270}"
EndProject
Project("{2150E333-8FDC-42A3-9474-1A3956D46DE8}") = "Cadastro", "Cadastro", "{D6C5177A-9614-4913-AD0E-F203EFDB1902}"
EndProject
Project("{2150E333-8FDC-42A3-9474-1A3956D46DE8}") = "Catalogo", "Catalogo", "{B34F3D64-E077-42E1-B68A-0314D072D630}"
EndProject
Project("{2150E333-8FDC-42A3-9474-1A3956D46DE8}") = "Core", "Core", "{57B23461-6E5E-4699-8FC2-590FDCC1521D}"
EndProject
Project("{2150E333-8FDC-42A3-9474-1A3956D46DE8}") = "Fiscal", "Fiscal", "{1A8E22C6-633A-4C95-B412-3A7282245D87}"
EndProject
Project("{2150E333-8FDC-42A3-9474-1A3956D46DE8}") = "Pagamentos", "Pagamentos", "{74BA4AD0-9CAE-4F1F-AD24-6CC365B1BCA2}"
EndProject
Project("{2150E333-8FDC-42A3-9474-1A3956D46DE8}") = "Vendas", "Vendas", "{574F1E65-6AB9-4EC8-8B79-47D8745E7C4E}"
EndProject
Project("{9A19103F-16F7-4668-BE54-9A1E7A4F7556}") = "NerdStore.Catalogo.Domain", "src\NerdStore.Catalogo.Domain\NerdStore.Catalogo.Domain.csproj", "{860D420B-EEAD-46FC-B327-461160062A35}"
EndProject
Project("{9A19103F-16F7-4668-BE54-9A1E7A4F7556}") = "NerdStore.Core", "src\NerdStore.Core\NerdStore.Core.csproj", "{19A59D33-35E4-494E-9ECF-EE2A06B11BE5}"
EndProject
Project("{2150E333-8FDC-42A3-9474-1A3956D46DE8}") = "tests", "tests", "{9D713CD8-0F42-4455-B8B5-94A91DAEC1A9}"
EndProject
Project("{FAE04EC0-301F-11D3-BF4B-00C04F79EFBC}") = "NerdStore.Catalogo.Domain.Tests", "tests\NerdStore.Catalogo.Domain.Tests\NerdStore.Catalogo.Domain.Tests.csproj", "{993428C0-F77D-4E99-99FF-7F732E1D4B90}"
EndProject
Project("{FAE04EC0-301F-11D3-BF4B-00C04F79EFBC}") = "NerdStore.Catalogo.Data", "src\NerdStore.Catalogo.Data\NerdStore.Catalogo.Data.csproj", "{A8F1814E-75AC-42D0-AB3C-F0886D6D3DFE}"
EndProject
Global
	GlobalSection(SolutionConfigurationPlatforms) = preSolution
		Debug|Any CPU = Debug|Any CPU
		Release|Any CPU = Release|Any CPU
	EndGlobalSection
	GlobalSection(ProjectConfigurationPlatforms) = postSolution
		{860D420B-EEAD-46FC-B327-461160062A35}.Debug|Any CPU.ActiveCfg = Debug|Any CPU
		{860D420B-EEAD-46FC-B327-461160062A35}.Debug|Any CPU.Build.0 = Debug|Any CPU
		{860D420B-EEAD-46FC-B327-461160062A35}.Release|Any CPU.ActiveCfg = Release|Any CPU
		{860D420B-EEAD-46FC-B327-461160062A35}.Release|Any CPU.Build.0 = Release|Any CPU
		{19A59D33-35E4-494E-9ECF-EE2A06B11BE5}.Debug|Any CPU.ActiveCfg = Debug|Any CPU
		{19A59D33-35E4-494E-9ECF-EE2A06B11BE5}.Debug|Any CPU.Build.0 = Debug|Any CPU
		{19A59D33-35E4-494E-9ECF-EE2A06B11BE5}.Release|Any CPU.ActiveCfg = Release|Any CPU
		{19A59D33-35E4-494E-9ECF-EE2A06B11BE5}.Release|Any CPU.Build.0 = Release|Any CPU
		{993428C0-F77D-4E99-99FF-7F732E1D4B90}.Debug|Any CPU.ActiveCfg = Debug|Any CPU
		{993428C0-F77D-4E99-99FF-7F732E1D4B90}.Debug|Any CPU.Build.0 = Debug|Any CPU
		{993428C0-F77D-4E99-99FF-7F732E1D4B90}.Release|Any CPU.ActiveCfg = Release|Any CPU
		{993428C0-F77D-4E99-99FF-7F732E1D4B90}.Release|Any CPU.Build.0 = Release|Any CPU
		{A8F1814E-75AC-42D0-AB3C-F0886D6D3DFE}.Debug|Any CPU.ActiveCfg = Debug|Any CPU
		{A8F1814E-75AC-42D0-AB3C-F0886D6D3DFE}.Debug|Any CPU.Build.0 = Debug|Any CPU
		{A8F1814E-75AC-42D0-AB3C-F0886D6D3DFE}.Release|Any CPU.ActiveCfg = Release|Any CPU
		{A8F1814E-75AC-42D0-AB3C-F0886D6D3DFE}.Release|Any CPU.Build.0 = Release|Any CPU
	EndGlobalSection
	GlobalSection(SolutionProperties) = preSolution
		HideSolutionNode = FALSE
	EndGlobalSection
	GlobalSection(NestedProjects) = preSolution
		{D6C5177A-9614-4913-AD0E-F203EFDB1902} = {6EB94648-D0D5-450A-86A9-0AAFF08D84FA}
		{B34F3D64-E077-42E1-B68A-0314D072D630} = {6EB94648-D0D5-450A-86A9-0AAFF08D84FA}
		{57B23461-6E5E-4699-8FC2-590FDCC1521D} = {6EB94648-D0D5-450A-86A9-0AAFF08D84FA}
		{1A8E22C6-633A-4C95-B412-3A7282245D87} = {6EB94648-D0D5-450A-86A9-0AAFF08D84FA}
		{74BA4AD0-9CAE-4F1F-AD24-6CC365B1BCA2} = {6EB94648-D0D5-450A-86A9-0AAFF08D84FA}
		{574F1E65-6AB9-4EC8-8B79-47D8745E7C4E} = {6EB94648-D0D5-450A-86A9-0AAFF08D84FA}
		{860D420B-EEAD-46FC-B327-461160062A35} = {B34F3D64-E077-42E1-B68A-0314D072D630}
		{19A59D33-35E4-494E-9ECF-EE2A06B11BE5} = {57B23461-6E5E-4699-8FC2-590FDCC1521D}
		{9D713CD8-0F42-4455-B8B5-94A91DAEC1A9} = {B34F3D64-E077-42E1-B68A-0314D072D630}
		{993428C0-F77D-4E99-99FF-7F732E1D4B90} = {9D713CD8-0F42-4455-B8B5-94A91DAEC1A9}
		{A8F1814E-75AC-42D0-AB3C-F0886D6D3DFE} = {B34F3D64-E077-42E1-B68A-0314D072D630}
	EndGlobalSection
	GlobalSection(ExtensibilityGlobals) = postSolution
		SolutionGuid = {2D4BE233-741C-40D6-8843-5D1CA392521E}
	EndGlobalSection
EndGlobal
